Microsoft Visual Studio Solution File, Format Version 12.00
# Visual Studio Version 17
VisualStudioVersion = 17.5.2.0
MinimumVisualStudioVersion = 10.0.40219.1
Project("{FAE04EC0-301F-11D3-BF4B-00C04F79EFBC}") = "RE9SaveDecryptor", "RE9SaveDecryptor.csproj", "{7666FDBC-7AAF-941A-41C4-30CC342D15C0}"
EndProject
Global
	GlobalSection(SolutionConfigurationPlatforms) = preSolution
		Debug|Any CPU = Debug|Any CPU
		Release|Any CPU = Release|Any CPU
	EndGlobalSection
	GlobalSection(ProjectConfigurationPlatforms) = postSolution
		{7666FDBC-7AAF-941A-41C4-30CC342D15C0}.Debug|Any CPU.ActiveCfg = Debug|Any CPU
		{7666FDBC-7AAF-941A-41C4-30CC342D15C0}.Debug|Any CPU.Build.0 = Debug|Any CPU
		{7666FDBC-7AAF-941A-41C4-30CC342D15C0}.Release|Any CPU.ActiveCfg = Release|Any CPU
		{7666FDBC-7AAF-941A-41C4-30CC342D15C0}.Release|Any CPU.Build.0 = Release|Any CPU
	EndGlobalSection
	GlobalSection(SolutionProperties) = preSolution
		HideSolutionNode = FALSE
	EndGlobalSection
	GlobalSection(ExtensibilityGlobals) = postSolution
		SolutionGuid = {997C9CF4-19FA-4645-A998-78364F070FE3}
	EndGlobalSection
EndGlobal
